
Microsoft Visual Studio Solution File, Format Version 12.00
# Visual Studio Version 17
VisualStudioVersion = 17.14.36511.14
MinimumVisualStudioVersion = 10.0.40219.1
Project("{FAE04EC0-301F-11D3-BF4B-00C04F79EFBC}") = "Optivem.AtddAccelerator.TemplateGenerator", "src\Optivem.AtddAccelerator.TemplateGenerator.csproj", "{4E9FA355-B521-3631-ACEA-658DF37DF65A}"
EndProject
Project("{FAE04EC0-301F-11D3-BF4B-00C04F79EFBC}") = "Optivem.AtddAccelerator.TemplateGenerator.SystemTests", "tests\Optivem.AtddAccelerator.TemplateGenerator.SystemTests.csproj", "{7A371405-4BD9-1A14-6AF9-D8F7ACEB809E}"
EndProject
Global
	GlobalSection(SolutionConfigurationPlatforms) = preSolution
		Debug|Any CPU = Debug|Any CPU
		Release|Any CPU = Release|Any CPU
	EndGlobalSection
	GlobalSection(ProjectConfigurationPlatforms) = postSolution
		{4E9FA355-B521-3631-ACEA-658DF37DF65A}.Debug|Any CPU.ActiveCfg = Debug|Any CPU
		{4E9FA355-B521-3631-ACEA-658DF37DF65A}.Debug|Any CPU.Build.0 = Debug|Any CPU
		{4E9FA355-B521-3631-ACEA-658DF37DF65A}.Release|Any CPU.ActiveCfg = Release|Any CPU
		{4E9FA355-B521-3631-ACEA-658DF37DF65A}.Release|Any CPU.Build.0 = Release|Any CPU
		{7A371405-4BD9-1A14-6AF9-D8F7ACEB809E}.Debug|Any CPU.ActiveCfg = Debug|Any CPU
		{7A371405-4BD9-1A14-6AF9-D8F7ACEB809E}.Debug|Any CPU.Build.0 = Debug|Any CPU
		{7A371405-4BD9-1A14-6AF9-D8F7ACEB809E}.Release|Any CPU.ActiveCfg = Release|Any CPU
		{7A371405-4BD9-1A14-6AF9-D8F7ACEB809E}.Release|Any CPU.Build.0 = Release|Any CPU
	EndGlobalSection
	GlobalSection(SolutionProperties) = preSolution
		HideSolutionNode = FALSE
	EndGlobalSection
	GlobalSection(ExtensibilityGlobals) = postSolution
		SolutionGuid = {0FC7E23C-A4FA-4FCF-95AC-AA383CF90C2E}
	EndGlobalSection
EndGlobal
